
Microsoft Visual Studio Solution File, Format Version 12.00
# Visual Studio Version 16
VisualStudioVersion = 16.0.30225.117
MinimumVisualStudioVersion = 10.0.40219.1
Project("{FAE04EC0-301F-11D3-BF4B-00C04F79EFBC}") = "SamuraiApp.Domain", "SamuraiApp.Domain\SamuraiApp.Domain.csproj", "{FBED4B40-244F-40C1-9488-0C7E6F30EBEA}"
EndProject
Project("{FAE04EC0-301F-11D3-BF4B-00C04F79EFBC}") = "SamuraiApp.Data", "SamuraiApp.Data\SamuraiApp.Data.csproj", "{31ED4482-003F-4016-8635-D52A06F8F298}"
EndProject
Project("{FAE04EC0-301F-11D3-BF4B-00C04F79EFBC}") = "ConsoleApp", "ConsoleApp\ConsoleApp.csproj", "{4771C81A-4092-4BC7-8FDF-6CB8D58B25DB}"
EndProject
Project("{FAE04EC0-301F-11D3-BF4B-00C04F79EFBC}") = "Tests", "Tests\Tests.csproj", "{43ED2995-799E-47B9-A4F6-8ED6919FA443}"
EndProject
Global
	GlobalSection(SolutionConfigurationPlatforms) = preSolution
		Debug|Any CPU = Debug|Any CPU
		Release|Any CPU = Release|Any CPU
	EndGlobalSection
	GlobalSection(ProjectConfigurationPlatforms) = postSolution
		{FBED4B40-244F-40C1-9488-0C7E6F30EBEA}.Debug|Any CPU.ActiveCfg = Debug|Any CPU
		{FBED4B40-244F-40C1-9488-0C7E6F30EBEA}.Debug|Any CPU.Build.0 = Debug|Any CPU
		{FBED4B40-244F-40C1-9488-0C7E6F30EBEA}.Release|Any CPU.ActiveCfg = Release|Any CPU
		{FBED4B40-244F-40C1-9488-0C7E6F30EBEA}.Release|Any CPU.Build.0 = Release|Any CPU
		{31ED4482-003F-4016-8635-D52A06F8F298}.Debug|Any CPU.ActiveCfg = Debug|Any CPU
		{31ED4482-003F-4016-8635-D52A06F8F298}.Debug|Any CPU.Build.0 = Debug|Any CPU
		{31ED4482-003F-4016-8635-D52A06F8F298}.Release|Any CPU.ActiveCfg = Release|Any CPU
		{31ED4482-003F-4016-8635-D52A06F8F298}.Release|Any CPU.Build.0 = Release|Any CPU
		{4771C81A-4092-4BC7-8FDF-6CB8D58B25DB}.Debug|Any CPU.ActiveCfg = Debug|Any CPU
		{4771C81A-4092-4BC7-8FDF-6CB8D58B25DB}.Debug|Any CPU.Build.0 = Debug|Any CPU
		{4771C81A-4092-4BC7-8FDF-6CB8D58B25DB}.Release|Any CPU.ActiveCfg = Release|Any CPU
		{4771C81A-4092-4BC7-8FDF-6CB8D58B25DB}.Release|Any CPU.Build.0 = Release|Any CPU
		{43ED2995-799E-47B9-A4F6-8ED6919FA443}.Debug|Any CPU.ActiveCfg = Debug|Any CPU
		{43ED2995-799E-47B9-A4F6-8ED6919FA443}.Debug|Any CPU.Build.0 = Debug|Any CPU
		{43ED2995-799E-47B9-A4F6-8ED6919FA443}.Release|Any CPU.ActiveCfg = Release|Any CPU
		{43ED2995-799E-47B9-A4F6-8ED6919FA443}.Release|Any CPU.Build.0 = Release|Any CPU
	EndGlobalSection
	GlobalSection(SolutionProperties) = preSolution
		HideSolutionNode = FALSE
	EndGlobalSection
	GlobalSection(ExtensibilityGlobals) = postSolution
		SolutionGuid = {B7508EC5-8D30-45B3-8997-5ADE87D9F96E}
	EndGlobalSection
EndGlobal
