
Microsoft Visual Studio Solution File, Format Version 12.00
# Visual Studio Version 16
VisualStudioVersion = 16.0.29709.97
MinimumVisualStudioVersion = 10.0.40219.1
Project("{FAE04EC0-301F-11D3-BF4B-00C04F79EFBC}") = "SamuraiApp.Domain", "SamuraiApp.Domain\SamuraiApp.Domain.csproj", "{F4DBFFFB-1DCD-4E0E-92EA-9406F6A6AC18}"
EndProject
Global
	GlobalSection(SolutionConfigurationPlatforms) = preSolution
		Debug|Any CPU = Debug|Any CPU
		Release|Any CPU = Release|Any CPU
	EndGlobalSection
	GlobalSection(ProjectConfigurationPlatforms) = postSolution
		{F4DBFFFB-1DCD-4E0E-92EA-9406F6A6AC18}.Debug|Any CPU.ActiveCfg = Debug|Any CPU
		{F4DBFFFB-1DCD-4E0E-92EA-9406F6A6AC18}.Debug|Any CPU.Build.0 = Debug|Any CPU
		{F4DBFFFB-1DCD-4E0E-92EA-9406F6A6AC18}.Release|Any CPU.ActiveCfg = Release|Any CPU
		{F4DBFFFB-1DCD-4E0E-92EA-9406F6A6AC18}.Release|Any CPU.Build.0 = Release|Any CPU
	EndGlobalSection
	GlobalSection(SolutionProperties) = preSolution
		HideSolutionNode = FALSE
	EndGlobalSection
	GlobalSection(ExtensibilityGlobals) = postSolution
		SolutionGuid = {8A9F84DC-DBA2-443F-B89A-DD8AF2FCDB27}
	EndGlobalSection
EndGlobal
